# THIS IS AN AUTOGENERATED FILE. DO NOT EDIT THIS FILE DIRECTLY.
# yarn lockfile v1


"@tensorflow-models/toxicity@^1.2.2":
  version "1.2.2"
  resolved "https://registry.yarnpkg.com/@tensorflow-models/toxicity/-/toxicity-1.2.2.tgz#aed2cc92122f2fc949b42502bb55f8ed2e1d03a8"
  integrity sha512-DSMIoBzNyX7+4D4cGKjsFLbCuJz3bksYpwFHKAjTp4+tmgAGpNyg5nDXXI/IQp18nMTbLKgLruLWOxq5y7P4WQ==
  dependencies:
    "@tensorflow-models/universal-sentence-encoder" "~1.2.2"

"@tensorflow-models/universal-sentence-encoder@~1.2.2":
  version "1.2.2"
  resolved "https://registry.yarnpkg.com/@tensorflow-models/universal-sentence-encoder/-/universal-sentence-encoder-1.2.2.tgz#27a38c39424b5e85389ac461be177c9f44ba19bd"
  integrity sha512-fGCl/gwB7jmKCRI2FhgIBeIa/LCSUcjlEcckH2Bc2dIjhJ+2nspp+22lubxcseN6jjrmP42kkXt/reAPe+KJkQ==

tslib@^2.0.0:
  version "2.1.0"
  resolved "https://registry.yarnpkg.com/tslib/-/tslib-2.1.0.tgz#da60860f1c2ecaa5703ab7d39bc05b6bf988b97a"
  integrity sha512-hcVC3wYEziELGGmEEXue7D75zbwIIVUMWAVbHItGPx0ziyXxrOMQx4rQEVEV45Ut/1IotuEvwqPopzIOkDMf0A==
